
Microsoft Visual Studio Solution File, Format Version 12.00
# Visual Studio Version 17
VisualStudioVersion = 17.9.34701.34
MinimumVisualStudioVersion = 10.0.40219.1
Project("{FAE04EC0-301F-11D3-BF4B-00C04F79EFBC}") = "MyPortfolio", "MyPortfolio\MyPortfolio.csproj", "{87A27872-C3D9-4BEC-88CB-95B8442DEA13}"
EndProject
Global
	GlobalSection(SolutionConfigurationPlatforms) = preSolution
		Debug|Any CPU = Debug|Any CPU
		Release|Any CPU = Release|Any CPU
	EndGlobalSection
	GlobalSection(ProjectConfigurationPlatforms) = postSolution
		{87A27872-C3D9-4BEC-88CB-95B8442DEA13}.Debug|Any CPU.ActiveCfg = Debug|Any CPU
		{87A27872-C3D9-4BEC-88CB-95B8442DEA13}.Debug|Any CPU.Build.0 = Debug|Any CPU
		{87A27872-C3D9-4BEC-88CB-95B8442DEA13}.Release|Any CPU.ActiveCfg = Release|Any CPU
		{87A27872-C3D9-4BEC-88CB-95B8442DEA13}.Release|Any CPU.Build.0 = Release|Any CPU
	EndGlobalSection
	GlobalSection(SolutionProperties) = preSolution
		HideSolutionNode = FALSE
	EndGlobalSection
	GlobalSection(ExtensibilityGlobals) = postSolution
		SolutionGuid = {3080E336-3E25-4EE2-AFD7-61E5A2D7760D}
	EndGlobalSection
EndGlobal
